
Microsoft Visual Studio Solution File, Format Version 12.00
# Visual Studio Version 17
VisualStudioVersion = 17.5.002.0
MinimumVisualStudioVersion = 10.0.40219.1
Project("{2150E333-8FDC-42A3-9474-1A3956D46DE8}") = "csharp-prep", "csharp-prep", "{17677D13-93C6-4723-8799-D7D989947640}"
EndProject
Project("{9A19103F-16F7-4668-BE54-9A1E7A4F7556}") = "Prep1", "csharp-prep\Prep1\Prep1.csproj", "{0800BB07-E606-4E51-BD7D-488CAB218019}"
EndProject
Project("{9A19103F-16F7-4668-BE54-9A1E7A4F7556}") = "Prep2", "csharp-prep\Prep2\Prep2.csproj", "{6427927A-DF3B-4708-A3FF-DC5C9B114162}"
EndProject
Project("{9A19103F-16F7-4668-BE54-9A1E7A4F7556}") = "Prep3", "csharp-prep\Prep3\Prep3.csproj", "{9AFEDFB3-BCBF-4473-90E6-386DE40684EB}"
EndProject
Project("{9A19103F-16F7-4668-BE54-9A1E7A4F7556}") = "Prep4", "csharp-prep\Prep4\Prep4.csproj", "{7B6AF2AD-0D7E-4E29-B9F0-BAD22B6C0814}"
EndProject
Project("{9A19103F-16F7-4668-BE54-9A1E7A4F7556}") = "Prep5", "csharp-prep\Prep5\Prep5.csproj", "{E7E35A57-9A5E-40A8-9A1D-467B5F04E919}"
EndProject
Project("{2150E333-8FDC-42A3-9474-1A3956D46DE8}") = "final", "final", "{AD4443AD-5740-4E1D-B280-D7E1E268ED05}"
EndProject
Project("{9A19103F-16F7-4668-BE54-9A1E7A4F7556}") = "FinalProject", "final\FinalProject\FinalProject.csproj", "{55E564F4-7C3D-41DF-8316-565514EEDE13}"
EndProject
Project("{9A19103F-16F7-4668-BE54-9A1E7A4F7556}") = "Foundation1", "final\Foundation1\Foundation1.csproj", "{9DCD4419-7A74-438D-8A72-F1ECF11C55EA}"
EndProject
Project("{9A19103F-16F7-4668-BE54-9A1E7A4F7556}") = "Foundation2", "final\Foundation2\Foundation2.csproj", "{91976803-1EAE-4EE0-896D-DDDB54E7850D}"
EndProject
Project("{9A19103F-16F7-4668-BE54-9A1E7A4F7556}") = "Foundation3", "final\Foundation3\Foundation3.csproj", "{797AC8D2-4B79-499A-9E5E-1D777AB4459A}"
EndProject
Project("{9A19103F-16F7-4668-BE54-9A1E7A4F7556}") = "Foundation4", "final\Foundation4\Foundation4.csproj", "{C131B03A-68F2-4638-8FD6-BA1D98099FF0}"
EndProject
Project("{2150E333-8FDC-42A3-9474-1A3956D46DE8}") = "prepare", "prepare", "{180E62D0-1964-4624-8061-3AB1DF4D9F53}"
EndProject
Project("{9A19103F-16F7-4668-BE54-9A1E7A4F7556}") = "Learning02", "prepare\Learning02\Learning02.csproj", "{DF35E35C-0549-4526-B685-A9C590F8D65A}"
EndProject
Project("{9A19103F-16F7-4668-BE54-9A1E7A4F7556}") = "Learning03", "prepare\Learning03\Learning03.csproj", "{4638CEA3-6002-4D60-B6DF-1871F86D83BB}"
EndProject
Project("{9A19103F-16F7-4668-BE54-9A1E7A4F7556}") = "Learning04", "prepare\Learning04\Learning04.csproj", "{ADCC27E0-B54E-4FDC-A1D3-973E6FBC7639}"
EndProject
Project("{9A19103F-16F7-4668-BE54-9A1E7A4F7556}") = "Learning05", "prepare\Learning05\Learning05.csproj", "{34AF2F10-877C-4C3E-B5E2-8783065EAF13}"
EndProject
Project("{2150E333-8FDC-42A3-9474-1A3956D46DE8}") = "prove", "prove", "{6FDE3F91-B32E-49FF-902E-921A3B432FC9}"
EndProject
Project("{9A19103F-16F7-4668-BE54-9A1E7A4F7556}") = "Develop02", "prove\Develop02\Develop02.csproj", "{E2B49105-E954-4B13-B6A7-6569026682B5}"
EndProject
Project("{9A19103F-16F7-4668-BE54-9A1E7A4F7556}") = "Develop03", "prove\Develop03\Develop03.csproj", "{6F07CC6E-98D8-4EEE-8E9A-8573E2D2DEDD}"
EndProject
Project("{9A19103F-16F7-4668-BE54-9A1E7A4F7556}") = "Develop04", "prove\Develop04\Develop04.csproj", "{C233125D-F6D7-4A43-A77E-BADB479BBEBB}"
EndProject
Project("{9A19103F-16F7-4668-BE54-9A1E7A4F7556}") = "Develop05", "prove\Develop05\Develop05.csproj", "{29508953-5E91-426C-945F-FB85FDFDAFCE}"
EndProject
Project("{2150E333-8FDC-42A3-9474-1A3956D46DE8}") = "sandbox", "sandbox", "{8908BF7E-0EF5-4F8B-8CBF-09361B419349}"
EndProject
Project("{9A19103F-16F7-4668-BE54-9A1E7A4F7556}") = "Sandbox", "sandbox\Sandbox\Sandbox.csproj", "{8BD108E1-C180-41DD-BD69-0B567B5066A3}"
EndProject
Global
	GlobalSection(SolutionConfigurationPlatforms) = preSolution
		Debug|Any CPU = Debug|Any CPU
		Release|Any CPU = Release|Any CPU
	EndGlobalSection
	GlobalSection(ProjectConfigurationPlatforms) = postSolution
		{0800BB07-E606-4E51-BD7D-488CAB218019}.Debug|Any CPU.ActiveCfg = Debug|Any CPU
		{0800BB07-E606-4E51-BD7D-488CAB218019}.Debug|Any CPU.Build.0 = Debug|Any CPU
		{0800BB07-E606-4E51-BD7D-488CAB218019}.Release|Any CPU.ActiveCfg = Release|Any CPU
		{0800BB07-E606-4E51-BD7D-488CAB218019}.Release|Any CPU.Build.0 = Release|Any CPU
		{6427927A-DF3B-4708-A3FF-DC5C9B114162}.Debug|Any CPU.ActiveCfg = Debug|Any CPU
		{6427927A-DF3B-4708-A3FF-DC5C9B114162}.Debug|Any CPU.Build.0 = Debug|Any CPU
		{6427927A-DF3B-4708-A3FF-DC5C9B114162}.Release|Any CPU.ActiveCfg = Release|Any CPU
		{6427927A-DF3B-4708-A3FF-DC5C9B114162}.Release|Any CPU.Build.0 = Release|Any CPU
		{9AFEDFB3-BCBF-4473-90E6-386DE40684EB}.Debug|Any CPU.ActiveCfg = Debug|Any CPU
		{9AFEDFB3-BCBF-4473-90E6-386DE40684EB}.Debug|Any CPU.Build.0 = Debug|Any CPU
		{9AFEDFB3-BCBF-4473-90E6-386DE40684EB}.Release|Any CPU.ActiveCfg = Release|Any CPU
		{9AFEDFB3-BCBF-4473-90E6-386DE40684EB}.Release|Any CPU.Build.0 = Release|Any CPU
		{7B6AF2AD-0D7E-4E29-B9F0-BAD22B6C0814}.Debug|Any CPU.ActiveCfg = Debug|Any CPU
		{7B6AF2AD-0D7E-4E29-B9F0-BAD22B6C0814}.Debug|Any CPU.Build.0 = Debug|Any CPU
		{7B6AF2AD-0D7E-4E29-B9F0-BAD22B6C0814}.Release|Any CPU.ActiveCfg = Release|Any CPU
		{7B6AF2AD-0D7E-4E29-B9F0-BAD22B6C0814}.Release|Any CPU.Build.0 = Release|Any CPU
		{E7E35A57-9A5E-40A8-9A1D-467B5F04E919}.Debug|Any CPU.ActiveCfg = Debug|Any CPU
		{E7E35A57-9A5E-40A8-9A1D-467B5F04E919}.Debug|Any CPU.Build.0 = Debug|Any CPU
		{E7E35A57-9A5E-40A8-9A1D-467B5F04E919}.Release|Any CPU.ActiveCfg = Release|Any CPU
		{E7E35A57-9A5E-40A8-9A1D-467B5F04E919}.Release|Any CPU.Build.0 = Release|Any CPU
		{55E564F4-7C3D-41DF-8316-565514EEDE13}.Debug|Any CPU.ActiveCfg = Debug|Any CPU
		{55E564F4-7C3D-41DF-8316-565514EEDE13}.Debug|Any CPU.Build.0 = Debug|Any CPU
		{55E564F4-7C3D-41DF-8316-565514EEDE13}.Release|Any CPU.ActiveCfg = Release|Any CPU
		{55E564F4-7C3D-41DF-8316-565514EEDE13}.Release|Any CPU.Build.0 = Release|Any CPU
		{9DCD4419-7A74-438D-8A72-F1ECF11C55EA}.Debug|Any CPU.ActiveCfg = Debug|Any CPU
		{9DCD4419-7A74-438D-8A72-F1ECF11C55EA}.Debug|Any CPU.Build.0 = Debug|Any CPU
		{9DCD4419-7A74-438D-8A72-F1ECF11C55EA}.Release|Any CPU.ActiveCfg = Release|Any CPU
		{9DCD4419-7A74-438D-8A72-F1ECF11C55EA}.Release|Any CPU.Build.0 = Release|Any CPU
		{91976803-1EAE-4EE0-896D-DDDB54E7850D}.Debug|Any CPU.ActiveCfg = Debug|Any CPU
		{91976803-1EAE-4EE0-896D-DDDB54E7850D}.Debug|Any CPU.Build.0 = Debug|Any CPU
		{91976803-1EAE-4EE0-896D-DDDB54E7850D}.Release|Any CPU.ActiveCfg = Release|Any CPU
		{91976803-1EAE-4EE0-896D-DDDB54E7850D}.Release|Any CPU.Build.0 = Release|Any CPU
		{797AC8D2-4B79-499A-9E5E-1D777AB4459A}.Debug|Any CPU.ActiveCfg = Debug|Any CPU
		{797AC8D2-4B79-499A-9E5E-1D777AB4459A}.Debug|Any CPU.Build.0 = Debug|Any CPU
		{797AC8D2-4B79-499A-9E5E-1D777AB4459A}.Release|Any CPU.ActiveCfg = Release|Any CPU
		{797AC8D2-4B79-499A-9E5E-1D777AB4459A}.Release|Any CPU.Build.0 = Release|Any CPU
		{C131B03A-68F2-4638-8FD6-BA1D98099FF0}.Debug|Any CPU.ActiveCfg = Debug|Any CPU
		{C131B03A-68F2-4638-8FD6-BA1D98099FF0}.Debug|Any CPU.Build.0 = Debug|Any CPU
		{C131B03A-68F2-4638-8FD6-BA1D98099FF0}.Release|Any CPU.ActiveCfg = Release|Any CPU
		{C131B03A-68F2-4638-8FD6-BA1D98099FF0}.Release|Any CPU.Build.0 = Release|Any CPU
		{DF35E35C-0549-4526-B685-A9C590F8D65A}.Debug|Any CPU.ActiveCfg = Debug|Any CPU
		{DF35E35C-0549-4526-B685-A9C590F8D65A}.Debug|Any CPU.Build.0 = Debug|Any CPU
		{DF35E35C-0549-4526-B685-A9C590F8D65A}.Release|Any CPU.ActiveCfg = Release|Any CPU
		{DF35E35C-0549-4526-B685-A9C590F8D65A}.Release|Any CPU.Build.0 = Release|Any CPU
		{4638CEA3-6002-4D60-B6DF-1871F86D83BB}.Debug|Any CPU.ActiveCfg = Debug|Any CPU
		{4638CEA3-6002-4D60-B6DF-1871F86D83BB}.Debug|Any CPU.Build.0 = Debug|Any CPU
		{4638CEA3-6002-4D60-B6DF-1871F86D83BB}.Release|Any CPU.ActiveCfg = Release|Any CPU
		{4638CEA3-6002-4D60-B6DF-1871F86D83BB}.Release|Any CPU.Build.0 = Release|Any CPU
		{ADCC27E0-B54E-4FDC-A1D3-973E6FBC7639}.Debug|Any CPU.ActiveCfg = Debug|Any CPU
		{ADCC27E0-B54E-4FDC-A1D3-973E6FBC7639}.Debug|Any CPU.Build.0 = Debug|Any CPU
		{ADCC27E0-B54E-4FDC-A1D3-973E6FBC7639}.Release|Any CPU.ActiveCfg = Release|Any CPU
		{ADCC27E0-B54E-4FDC-A1D3-973E6FBC7639}.Release|Any CPU.Build.0 = Release|Any CPU
		{34AF2F10-877C-4C3E-B5E2-8783065EAF13}.Debug|Any CPU.ActiveCfg = Debug|Any CPU
		{34AF2F10-877C-4C3E-B5E2-8783065EAF13}.Debug|Any CPU.Build.0 = Debug|Any CPU
		{34AF2F10-877C-4C3E-B5E2-8783065EAF13}.Release|Any CPU.ActiveCfg = Release|Any CPU
		{34AF2F10-877C-4C3E-B5E2-8783065EAF13}.Release|Any CPU.Build.0 = Release|Any CPU
		{E2B49105-E954-4B13-B6A7-6569026682B5}.Debug|Any CPU.ActiveCfg = Debug|Any CPU
		{E2B49105-E954-4B13-B6A7-6569026682B5}.Debug|Any CPU.Build.0 = Debug|Any CPU
		{E2B49105-E954-4B13-B6A7-6569026682B5}.Release|Any CPU.ActiveCfg = Release|Any CPU
		{E2B49105-E954-4B13-B6A7-6569026682B5}.Release|Any CPU.Build.0 = Release|Any CPU
		{6F07CC6E-98D8-4EEE-8E9A-8573E2D2DEDD}.Debug|Any CPU.ActiveCfg = Debug|Any CPU
		{6F07CC6E-98D8-4EEE-8E9A-8573E2D2DEDD}.Debug|Any CPU.Build.0 = Debug|Any CPU
		{6F07CC6E-98D8-4EEE-8E9A-8573E2D2DEDD}.Release|Any CPU.ActiveCfg = Release|Any CPU
		{6F07CC6E-98D8-4EEE-8E9A-8573E2D2DEDD}.Release|Any CPU.Build.0 = Release|Any CPU
		{C233125D-F6D7-4A43-A77E-BADB479BBEBB}.Debug|Any CPU.ActiveCfg = Debug|Any CPU
		{C233125D-F6D7-4A43-A77E-BADB479BBEBB}.Debug|Any CPU.Build.0 = Debug|Any CPU
		{C233125D-F6D7-4A43-A77E-BADB479BBEBB}.Release|Any CPU.ActiveCfg = Release|Any CPU
		{C233125D-F6D7-4A43-A77E-BADB479BBEBB}.Release|Any CPU.Build.0 = Release|Any CPU
		{29508953-5E91-426C-945F-FB85FDFDAFCE}.Debug|Any CPU.ActiveCfg = Debug|Any CPU
		{29508953-5E91-426C-945F-FB85FDFDAFCE}.Debug|Any CPU.Build.0 = Debug|Any CPU
		{29508953-5E91-426C-945F-FB85FDFDAFCE}.Release|Any CPU.ActiveCfg = Release|Any CPU
		{29508953-5E91-426C-945F-FB85FDFDAFCE}.Release|Any CPU.Build.0 = Release|Any CPU
		{8BD108E1-C180-41DD-BD69-0B567B5066A3}.Debug|Any CPU.ActiveCfg = Debug|Any CPU
		{8BD108E1-C180-41DD-BD69-0B567B5066A3}.Debug|Any CPU.Build.0 = Debug|Any CPU
		{8BD108E1-C180-41DD-BD69-0B567B5066A3}.Release|Any CPU.ActiveCfg = Release|Any CPU
		{8BD108E1-C180-41DD-BD69-0B567B5066A3}.Release|Any CPU.Build.0 = Release|Any CPU
	EndGlobalSection
	GlobalSection(SolutionProperties) = preSolution
		HideSolutionNode = FALSE
	EndGlobalSection
	GlobalSection(NestedProjects) = preSolution
		{0800BB07-E606-4E51-BD7D-488CAB218019} = {17677D13-93C6-4723-8799-D7D989947640}
		{6427927A-DF3B-4708-A3FF-DC5C9B114162} = {17677D13-93C6-4723-8799-D7D989947640}
		{9AFEDFB3-BCBF-4473-90E6-386DE40684EB} = {17677D13-93C6-4723-8799-D7D989947640}
		{7B6AF2AD-0D7E-4E29-B9F0-BAD22B6C0814} = {17677D13-93C6-4723-8799-D7D989947640}
		{E7E35A57-9A5E-40A8-9A1D-467B5F04E919} = {17677D13-93C6-4723-8799-D7D989947640}
		{55E564F4-7C3D-41DF-8316-565514EEDE13} = {AD4443AD-5740-4E1D-B280-D7E1E268ED05}
		{9DCD4419-7A74-438D-8A72-F1ECF11C55EA} = {AD4443AD-5740-4E1D-B280-D7E1E268ED05}
		{91976803-1EAE-4EE0-896D-DDDB54E7850D} = {AD4443AD-5740-4E1D-B280-D7E1E268ED05}
		{797AC8D2-4B79-499A-9E5E-1D777AB4459A} = {AD4443AD-5740-4E1D-B280-D7E1E268ED05}
		{C131B03A-68F2-4638-8FD6-BA1D98099FF0} = {AD4443AD-5740-4E1D-B280-D7E1E268ED05}
		{DF35E35C-0549-4526-B685-A9C590F8D65A} = {180E62D0-1964-4624-8061-3AB1DF4D9F53}
		{4638CEA3-6002-4D60-B6DF-1871F86D83BB} = {180E62D0-1964-4624-8061-3AB1DF4D9F53}
		{ADCC27E0-B54E-4FDC-A1D3-973E6FBC7639} = {180E62D0-1964-4624-8061-3AB1DF4D9F53}
		{34AF2F10-877C-4C3E-B5E2-8783065EAF13} = {180E62D0-1964-4624-8061-3AB1DF4D9F53}
		{E2B49105-E954-4B13-B6A7-6569026682B5} = {6FDE3F91-B32E-49FF-902E-921A3B432FC9}
		{6F07CC6E-98D8-4EEE-8E9A-8573E2D2DEDD} = {6FDE3F91-B32E-49FF-902E-921A3B432FC9}
		{C233125D-F6D7-4A43-A77E-BADB479BBEBB} = {6FDE3F91-B32E-49FF-902E-921A3B432FC9}
		{29508953-5E91-426C-945F-FB85FDFDAFCE} = {6FDE3F91-B32E-49FF-902E-921A3B432FC9}
		{8BD108E1-C180-41DD-BD69-0B567B5066A3} = {8908BF7E-0EF5-4F8B-8CBF-09361B419349}
	EndGlobalSection
	GlobalSection(ExtensibilityGlobals) = postSolution
		SolutionGuid = {E58C7501-F744-4FF1-83AC-7AF228B500A1}
	EndGlobalSection
EndGlobal
